
Microsoft Visual Studio Solution File, Format Version 12.00
# Visual Studio Version 16
VisualStudioVersion = 16.0.31702.278
MinimumVisualStudioVersion = 10.0.40219.1
Project("{FAE04EC0-301F-11D3-BF4B-00C04F79EFBC}") = "EntryPoint", "AllHomeworksTogether\EntryPoint.csproj", "{839B2119-7F25-47FB-BC67-9B12D7F552B3}"
EndProject
Project("{FAE04EC0-301F-11D3-BF4B-00C04F79EFBC}") = "HomeworkVariables", "HomeworkVariables\HomeworkVariables.csproj", "{9E07FFD5-2026-4127-85B0-D03D6CDAE228}"
EndProject
Project("{FAE04EC0-301F-11D3-BF4B-00C04F79EFBC}") = "HomeworkBranching", "HomeworkBranching\HomeworkBranching.csproj", "{6377B576-26BB-407E-85D1-B1884D718D8B}"
EndProject
Global
	GlobalSection(SolutionConfigurationPlatforms) = preSolution
		Debug|Any CPU = Debug|Any CPU
		Release|Any CPU = Release|Any CPU
	EndGlobalSection
	GlobalSection(ProjectConfigurationPlatforms) = postSolution
		{839B2119-7F25-47FB-BC67-9B12D7F552B3}.Debug|Any CPU.ActiveCfg = Debug|Any CPU
		{839B2119-7F25-47FB-BC67-9B12D7F552B3}.Debug|Any CPU.Build.0 = Debug|Any CPU
		{839B2119-7F25-47FB-BC67-9B12D7F552B3}.Release|Any CPU.ActiveCfg = Release|Any CPU
		{839B2119-7F25-47FB-BC67-9B12D7F552B3}.Release|Any CPU.Build.0 = Release|Any CPU
		{9E07FFD5-2026-4127-85B0-D03D6CDAE228}.Debug|Any CPU.ActiveCfg = Debug|Any CPU
		{9E07FFD5-2026-4127-85B0-D03D6CDAE228}.Debug|Any CPU.Build.0 = Debug|Any CPU
		{9E07FFD5-2026-4127-85B0-D03D6CDAE228}.Release|Any CPU.ActiveCfg = Release|Any CPU
		{9E07FFD5-2026-4127-85B0-D03D6CDAE228}.Release|Any CPU.Build.0 = Release|Any CPU
		{6377B576-26BB-407E-85D1-B1884D718D8B}.Debug|Any CPU.ActiveCfg = Debug|Any CPU
		{6377B576-26BB-407E-85D1-B1884D718D8B}.Debug|Any CPU.Build.0 = Debug|Any CPU
		{6377B576-26BB-407E-85D1-B1884D718D8B}.Release|Any CPU.ActiveCfg = Release|Any CPU
		{6377B576-26BB-407E-85D1-B1884D718D8B}.Release|Any CPU.Build.0 = Release|Any CPU
	EndGlobalSection
	GlobalSection(SolutionProperties) = preSolution
		HideSolutionNode = FALSE
	EndGlobalSection
	GlobalSection(ExtensibilityGlobals) = postSolution
		SolutionGuid = {3865E570-B6E0-47E7-96BF-1448EE59330D}
	EndGlobalSection
EndGlobal
